
Microsoft Visual Studio Solution File, Format Version 12.00
# Visual Studio Version 16
VisualStudioVersion = 16.0.32228.343
MinimumVisualStudioVersion = 10.0.40219.1
Project("{FAE04EC0-301F-11D3-BF4B-00C04F79EFBC}") = "WindowsFormsApp5", "WindowsFormsApp5\WindowsFormsApp5.csproj", "{AE201B54-8ECB-456C-9FE3-21161D2B3E9A}"
EndProject
Global
	GlobalSection(SolutionConfigurationPlatforms) = preSolution
		Debug|Any CPU = Debug|Any CPU
		Release|Any CPU = Release|Any CPU
	EndGlobalSection
	GlobalSection(ProjectConfigurationPlatforms) = postSolution
		{AE201B54-8ECB-456C-9FE3-21161D2B3E9A}.Debug|Any CPU.ActiveCfg = Debug|Any CPU
		{AE201B54-8ECB-456C-9FE3-21161D2B3E9A}.Debug|Any CPU.Build.0 = Debug|Any CPU
		{AE201B54-8ECB-456C-9FE3-21161D2B3E9A}.Release|Any CPU.ActiveCfg = Release|Any CPU
		{AE201B54-8ECB-456C-9FE3-21161D2B3E9A}.Release|Any CPU.Build.0 = Release|Any CPU
	EndGlobalSection
	GlobalSection(SolutionProperties) = preSolution
		HideSolutionNode = FALSE
	EndGlobalSection
	GlobalSection(ExtensibilityGlobals) = postSolution
		SolutionGuid = {FCC48A9B-330E-40C5-B277-CB5782A28068}
	EndGlobalSection
EndGlobal
